<Solution>
  <Project Path="Baitap1_1/Baitap1_1.csproj" />
  <Project Path="Baitap1_2/Baitap1_2.csproj" />
  <Project Path="Baitap1_3/Baitap1_3.csproj" />
  <Project Path="Baitap2_1/Baitap2_1.csproj" Id="12555f08-9ed8-4309-bb83-1e0e4c054a10" />
  <Project Path="Baitap2_3/Baitap2_3.csproj" Id="222b7526-396f-47cc-93e0-072632cfad71" />
  <Project Path="MyLib.Tests/MyLib.Tests.csproj" />
  <Project Path="MyLib/MyLib.csproj" />
</Solution>
