<Solution>
  <Project Path="Baitap1/Baitap1.csproj" />
  <Project Path="Baitap10/Baitap10.csproj" Id="bf4cad50-5f98-4fc9-95ba-01d4f08c8c16" />
  <Project Path="Baitap11/Baitap11.csproj" Id="3d67c999-43c6-4bd8-8f2a-4d43095dfde1" />
  <Project Path="Baitap12/Baitap12.csproj" Id="8ae51ec5-04c4-41c5-8cc9-d5facbfb9855" />
  <Project Path="Baitap13/Baitap13.csproj" Id="4068d863-9f46-4e0a-997f-0124aa68f0a3" />
  <Project Path="Baitap14/Baitap14.csproj" Id="17e44287-1d73-4a5a-9a14-92f1c5de8bc8" />
  <Project Path="Baitap15/Baitap15.csproj" Id="34c4a653-7562-445f-a7b7-59011f4b063d" />
  <Project Path="Baitap16/Baitap16.csproj" Id="ded92219-3258-4aa3-9951-2f04ce595360" />
  <Project Path="Baitap2/Baitap2.csproj" Id="218ae9c8-ce64-4b36-8882-5e82d143d244" />
  <Project Path="Baitap3/Baitap3.csproj" Id="b476da15-9ecc-4bed-af65-32e211b62080" />
  <Project Path="Baitap5/Baitap5.csproj" Id="a26b1a33-1e57-4c60-b69e-197b2efcb390" />
  <Project Path="Baitap6/Baitap6.csproj" Id="e7f809cb-2abf-4700-a20b-edb8b460e4b3" />
  <Project Path="Baitap7/Baitap7.csproj" Id="5248ff27-c828-4eda-9dd6-2fc4f0e9ea00" />
  <Project Path="Baitap8/Baitap8.csproj" Id="57a8a5cd-a7b4-4666-a8a0-845ddd42d029" />
  <Project Path="Baitap9/Baitap9.csproj" Id="ccdb4b8e-329c-46bb-8d8d-65be00ab6a48" />
  <Project Path="MyLib.Tests/MyLib.Tests.csproj" Id="5d7d87eb-2c66-4c87-b71d-b872266bf3b7" />
  <Project Path="MyLib/MyLib.csproj" />
</Solution>
